
Microsoft Visual Studio Solution File, Format Version 12.00
# Visual Studio Version 17
VisualStudioVersion = 17.3.32721.290
MinimumVisualStudioVersion = 10.0.40219.1
Project("{FAE04EC0-301F-11D3-BF4B-00C04F79EFBC}") = "SampleApp.UWP", "SampleApp\SampleApp.UWP\SampleApp.UWP.csproj", "{A29A38D4-C33B-4B68-AEBC-DE5AACA1F46B}"
EndProject
Project("{FAE04EC0-301F-11D3-BF4B-00C04F79EFBC}") = "SampleApp.Android", "SampleApp\SampleApp.Android\SampleApp.Android.csproj", "{5EBB551E-DAB3-4B61-B7BE-FF92F5AE9CE4}"
EndProject
Project("{FAE04EC0-301F-11D3-BF4B-00C04F79EFBC}") = "SampleApp.iOS", "SampleApp\SampleApp.iOS\SampleApp.iOS.csproj", "{CDD4CA5C-5AFD-4B21-BAA6-A48C1A9B8A1D}"
EndProject
Project("{9A19103F-16F7-4668-BE54-9A1E7A4F7556}") = "SampleApp", "SampleApp\SampleApp\SampleApp.csproj", "{F418230A-47A1-48BB-AAE0-0F6419A4FC24}"
EndProject
Project("{9A19103F-16F7-4668-BE54-9A1E7A4F7556}") = "Xam.Plugin.WebView.Abstractions", "SampleApp\Xam.Plugin.WebView.Abstractions\Xam.Plugin.WebView.Abstractions.csproj", "{BC4FAE37-D9CD-461E-A42F-AD1CF264509B}"
EndProject
Project("{FAE04EC0-301F-11D3-BF4B-00C04F79EFBC}") = "Xam.Plugin.WebView.Droid", "SampleApp\Xam.Plugin.WebView.Droid\Xam.Plugin.WebView.Droid.csproj", "{A4818671-56AB-449F-9BB0-8931C8F5DAF7}"
EndProject
Project("{FAE04EC0-301F-11D3-BF4B-00C04F79EFBC}") = "Xam.Plugin.WebView.iOS", "SampleApp\Xam.Plugin.WebView.iOS\Xam.Plugin.WebView.iOS.csproj", "{F6331DD7-E1D3-4650-8D9B-36CA729C2B4B}"
EndProject
Project("{FAE04EC0-301F-11D3-BF4B-00C04F79EFBC}") = "Xam.Plugin.WebView.UWP", "SampleApp\Xam.Plugin.WebView.UWP\Xam.Plugin.WebView.UWP.csproj", "{A15600A1-4072-4C87-8862-F7B981F3A4F3}"
EndProject
Global
	GlobalSection(SolutionConfigurationPlatforms) = preSolution
		Debug|Any CPU = Debug|Any CPU
		Debug|ARM = Debug|ARM
		Debug|iPhone = Debug|iPhone
		Debug|iPhoneSimulator = Debug|iPhoneSimulator
		Debug|x64 = Debug|x64
		Debug|x86 = Debug|x86
		Release|Any CPU = Release|Any CPU
		Release|ARM = Release|ARM
		Release|iPhone = Release|iPhone
		Release|iPhoneSimulator = Release|iPhoneSimulator
		Release|x64 = Release|x64
		Release|x86 = Release|x86
	EndGlobalSection
	GlobalSection(ProjectConfigurationPlatforms) = postSolution
		{A29A38D4-C33B-4B68-AEBC-DE5AACA1F46B}.Debug|Any CPU.ActiveCfg = Debug|x64
		{A29A38D4-C33B-4B68-AEBC-DE5AACA1F46B}.Debug|Any CPU.Build.0 = Debug|x64
		{A29A38D4-C33B-4B68-AEBC-DE5AACA1F46B}.Debug|Any CPU.Deploy.0 = Debug|x64
		{A29A38D4-C33B-4B68-AEBC-DE5AACA1F46B}.Debug|ARM.ActiveCfg = Debug|ARM
		{A29A38D4-C33B-4B68-AEBC-DE5AACA1F46B}.Debug|ARM.Build.0 = Debug|ARM
		{A29A38D4-C33B-4B68-AEBC-DE5AACA1F46B}.Debug|ARM.Deploy.0 = Debug|ARM
		{A29A38D4-C33B-4B68-AEBC-DE5AACA1F46B}.Debug|iPhone.ActiveCfg = Debug|x64
		{A29A38D4-C33B-4B68-AEBC-DE5AACA1F46B}.Debug|iPhone.Build.0 = Debug|x64
		{A29A38D4-C33B-4B68-AEBC-DE5AACA1F46B}.Debug|iPhone.Deploy.0 = Debug|x64
		{A29A38D4-C33B-4B68-AEBC-DE5AACA1F46B}.Debug|iPhoneSimulator.ActiveCfg = Debug|x64
		{A29A38D4-C33B-4B68-AEBC-DE5AACA1F46B}.Debug|iPhoneSimulator.Build.0 = Debug|x64
		{A29A38D4-C33B-4B68-AEBC-DE5AACA1F46B}.Debug|iPhoneSimulator.Deploy.0 = Debug|x64
		{A29A38D4-C33B-4B68-AEBC-DE5AACA1F46B}.Debug|x64.ActiveCfg = Debug|x64
		{A29A38D4-C33B-4B68-AEBC-DE5AACA1F46B}.Debug|x64.Build.0 = Debug|x64
		{A29A38D4-C33B-4B68-AEBC-DE5AACA1F46B}.Debug|x64.Deploy.0 = Debug|x64
		{A29A38D4-C33B-4B68-AEBC-DE5AACA1F46B}.Debug|x86.ActiveCfg = Debug|x86
		{A29A38D4-C33B-4B68-AEBC-DE5AACA1F46B}.Debug|x86.Build.0 = Debug|x86
		{A29A38D4-C33B-4B68-AEBC-DE5AACA1F46B}.Debug|x86.Deploy.0 = Debug|x86
		{A29A38D4-C33B-4B68-AEBC-DE5AACA1F46B}.Release|Any CPU.ActiveCfg = Release|x64
		{A29A38D4-C33B-4B68-AEBC-DE5AACA1F46B}.Release|Any CPU.Build.0 = Release|x64
		{A29A38D4-C33B-4B68-AEBC-DE5AACA1F46B}.Release|Any CPU.Deploy.0 = Release|x64
		{A29A38D4-C33B-4B68-AEBC-DE5AACA1F46B}.Release|ARM.ActiveCfg = Release|ARM
		{A29A38D4-C33B-4B68-AEBC-DE5AACA1F46B}.Release|ARM.Build.0 = Release|ARM
		{A29A38D4-C33B-4B68-AEBC-DE5AACA1F46B}.Release|ARM.Deploy.0 = Release|ARM
		{A29A38D4-C33B-4B68-AEBC-DE5AACA1F46B}.Release|iPhone.ActiveCfg = Release|x64
		{A29A38D4-C33B-4B68-AEBC-DE5AACA1F46B}.Release|iPhone.Build.0 = Release|x64
		{A29A38D4-C33B-4B68-AEBC-DE5AACA1F46B}.Release|iPhone.Deploy.0 = Release|x64
		{A29A38D4-C33B-4B68-AEBC-DE5AACA1F46B}.Release|iPhoneSimulator.ActiveCfg = Release|x64
		{A29A38D4-C33B-4B68-AEBC-DE5AACA1F46B}.Release|iPhoneSimulator.Build.0 = Release|x64
		{A29A38D4-C33B-4B68-AEBC-DE5AACA1F46B}.Release|iPhoneSimulator.Deploy.0 = Release|x64
		{A29A38D4-C33B-4B68-AEBC-DE5AACA1F46B}.Release|x64.ActiveCfg = Release|x64
		{A29A38D4-C33B-4B68-AEBC-DE5AACA1F46B}.Release|x64.Build.0 = Release|x64
		{A29A38D4-C33B-4B68-AEBC-DE5AACA1F46B}.Release|x64.Deploy.0 = Release|x64
		{A29A38D4-C33B-4B68-AEBC-DE5AACA1F46B}.Release|x86.ActiveCfg = Release|x86
		{A29A38D4-C33B-4B68-AEBC-DE5AACA1F46B}.Release|x86.Build.0 = Release|x86
		{A29A38D4-C33B-4B68-AEBC-DE5AACA1F46B}.Release|x86.Deploy.0 = Release|x86
		{5EBB551E-DAB3-4B61-B7BE-FF92F5AE9CE4}.Debug|Any CPU.ActiveCfg = Debug|Any CPU
		{5EBB551E-DAB3-4B61-B7BE-FF92F5AE9CE4}.Debug|Any CPU.Build.0 = Debug|Any CPU
		{5EBB551E-DAB3-4B61-B7BE-FF92F5AE9CE4}.Debug|Any CPU.Deploy.0 = Debug|Any CPU
		{5EBB551E-DAB3-4B61-B7BE-FF92F5AE9CE4}.Debug|ARM.ActiveCfg = Debug|Any CPU
		{5EBB551E-DAB3-4B61-B7BE-FF92F5AE9CE4}.Debug|ARM.Build.0 = Debug|Any CPU
		{5EBB551E-DAB3-4B61-B7BE-FF92F5AE9CE4}.Debug|ARM.Deploy.0 = Debug|Any CPU
		{5EBB551E-DAB3-4B61-B7BE-FF92F5AE9CE4}.Debug|iPhone.ActiveCfg = Debug|Any CPU
		{5EBB551E-DAB3-4B61-B7BE-FF92F5AE9CE4}.Debug|iPhone.Build.0 = Debug|Any CPU
		{5EBB551E-DAB3-4B61-B7BE-FF92F5AE9CE4}.Debug|iPhone.Deploy.0 = Debug|Any CPU
		{5EBB551E-DAB3-4B61-B7BE-FF92F5AE9CE4}.Debug|iPhoneSimulator.ActiveCfg = Debug|Any CPU
		{5EBB551E-DAB3-4B61-B7BE-FF92F5AE9CE4}.Debug|iPhoneSimulator.Build.0 = Debug|Any CPU
		{5EBB551E-DAB3-4B61-B7BE-FF92F5AE9CE4}.Debug|iPhoneSimulator.Deploy.0 = Debug|Any CPU
		{5EBB551E-DAB3-4B61-B7BE-FF92F5AE9CE4}.Debug|x64.ActiveCfg = Debug|Any CPU
		{5EBB551E-DAB3-4B61-B7BE-FF92F5AE9CE4}.Debug|x64.Build.0 = Debug|Any CPU
		{5EBB551E-DAB3-4B61-B7BE-FF92F5AE9CE4}.Debug|x64.Deploy.0 = Debug|Any CPU
		{5EBB551E-DAB3-4B61-B7BE-FF92F5AE9CE4}.Debug|x86.ActiveCfg = Debug|Any CPU
		{5EBB551E-DAB3-4B61-B7BE-FF92F5AE9CE4}.Debug|x86.Build.0 = Debug|Any CPU
		{5EBB551E-DAB3-4B61-B7BE-FF92F5AE9CE4}.Debug|x86.Deploy.0 = Debug|Any CPU
		{5EBB551E-DAB3-4B61-B7BE-FF92F5AE9CE4}.Release|Any CPU.ActiveCfg = Release|Any CPU
		{5EBB551E-DAB3-4B61-B7BE-FF92F5AE9CE4}.Release|Any CPU.Build.0 = Release|Any CPU
		{5EBB551E-DAB3-4B61-B7BE-FF92F5AE9CE4}.Release|Any CPU.Deploy.0 = Release|Any CPU
		{5EBB551E-DAB3-4B61-B7BE-FF92F5AE9CE4}.Release|ARM.ActiveCfg = Release|Any CPU
		{5EBB551E-DAB3-4B61-B7BE-FF92F5AE9CE4}.Release|ARM.Build.0 = Release|Any CPU
		{5EBB551E-DAB3-4B61-B7BE-FF92F5AE9CE4}.Release|ARM.Deploy.0 = Release|Any CPU
		{5EBB551E-DAB3-4B61-B7BE-FF92F5AE9CE4}.Release|iPhone.ActiveCfg = Release|Any CPU
		{5EBB551E-DAB3-4B61-B7BE-FF92F5AE9CE4}.Release|iPhone.Build.0 = Release|Any CPU
		{5EBB551E-DAB3-4B61-B7BE-FF92F5AE9CE4}.Release|iPhone.Deploy.0 = Release|Any CPU
		{5EBB551E-DAB3-4B61-B7BE-FF92F5AE9CE4}.Release|iPhoneSimulator.ActiveCfg = Release|Any CPU
		{5EBB551E-DAB3-4B61-B7BE-FF92F5AE9CE4}.Release|iPhoneSimulator.Build.0 = Release|Any CPU
		{5EBB551E-DAB3-4B61-B7BE-FF92F5AE9CE4}.Release|iPhoneSimulator.Deploy.0 = Release|Any CPU
		{5EBB551E-DAB3-4B61-B7BE-FF92F5AE9CE4}.Release|x64.ActiveCfg = Release|Any CPU
		{5EBB551E-DAB3-4B61-B7BE-FF92F5AE9CE4}.Release|x64.Build.0 = Release|Any CPU
		{5EBB551E-DAB3-4B61-B7BE-FF92F5AE9CE4}.Release|x64.Deploy.0 = Release|Any CPU
		{5EBB551E-DAB3-4B61-B7BE-FF92F5AE9CE4}.Release|x86.ActiveCfg = Release|Any CPU
		{5EBB551E-DAB3-4B61-B7BE-FF92F5AE9CE4}.Release|x86.Build.0 = Release|Any CPU
		{5EBB551E-DAB3-4B61-B7BE-FF92F5AE9CE4}.Release|x86.Deploy.0 = Release|Any CPU
		{CDD4CA5C-5AFD-4B21-BAA6-A48C1A9B8A1D}.Debug|Any CPU.ActiveCfg = Debug|iPhoneSimulator
		{CDD4CA5C-5AFD-4B21-BAA6-A48C1A9B8A1D}.Debug|Any CPU.Build.0 = Debug|iPhoneSimulator
		{CDD4CA5C-5AFD-4B21-BAA6-A48C1A9B8A1D}.Debug|Any CPU.Deploy.0 = Debug|iPhoneSimulator
		{CDD4CA5C-5AFD-4B21-BAA6-A48C1A9B8A1D}.Debug|ARM.ActiveCfg = Debug|iPhoneSimulator
		{CDD4CA5C-5AFD-4B21-BAA6-A48C1A9B8A1D}.Debug|ARM.Build.0 = Debug|iPhoneSimulator
		{CDD4CA5C-5AFD-4B21-BAA6-A48C1A9B8A1D}.Debug|ARM.Deploy.0 = Debug|iPhoneSimulator
		{CDD4CA5C-5AFD-4B21-BAA6-A48C1A9B8A1D}.Debug|iPhone.ActiveCfg = Debug|iPhone
		{CDD4CA5C-5AFD-4B21-BAA6-A48C1A9B8A1D}.Debug|iPhone.Build.0 = Debug|iPhone
		{CDD4CA5C-5AFD-4B21-BAA6-A48C1A9B8A1D}.Debug|iPhone.Deploy.0 = Debug|iPhone
		{CDD4CA5C-5AFD-4B21-BAA6-A48C1A9B8A1D}.Debug|iPhoneSimulator.ActiveCfg = Debug|iPhoneSimulator
		{CDD4CA5C-5AFD-4B21-BAA6-A48C1A9B8A1D}.Debug|iPhoneSimulator.Build.0 = Debug|iPhoneSimulator
		{CDD4CA5C-5AFD-4B21-BAA6-A48C1A9B8A1D}.Debug|iPhoneSimulator.Deploy.0 = Debug|iPhoneSimulator
		{CDD4CA5C-5AFD-4B21-BAA6-A48C1A9B8A1D}.Debug|x64.ActiveCfg = Debug|iPhone
		{CDD4CA5C-5AFD-4B21-BAA6-A48C1A9B8A1D}.Debug|x64.Build.0 = Debug|iPhone
		{CDD4CA5C-5AFD-4B21-BAA6-A48C1A9B8A1D}.Debug|x64.Deploy.0 = Debug|iPhone
		{CDD4CA5C-5AFD-4B21-BAA6-A48C1A9B8A1D}.Debug|x86.ActiveCfg = Debug|iPhoneSimulator
		{CDD4CA5C-5AFD-4B21-BAA6-A48C1A9B8A1D}.Debug|x86.Build.0 = Debug|iPhoneSimulator
		{CDD4CA5C-5AFD-4B21-BAA6-A48C1A9B8A1D}.Debug|x86.Deploy.0 = Debug|iPhoneSimulator
		{CDD4CA5C-5AFD-4B21-BAA6-A48C1A9B8A1D}.Release|Any CPU.ActiveCfg = Release|iPhoneSimulator
		{CDD4CA5C-5AFD-4B21-BAA6-A48C1A9B8A1D}.Release|Any CPU.Build.0 = Release|iPhoneSimulator
		{CDD4CA5C-5AFD-4B21-BAA6-A48C1A9B8A1D}.Release|Any CPU.Deploy.0 = Release|iPhoneSimulator
		{CDD4CA5C-5AFD-4B21-BAA6-A48C1A9B8A1D}.Release|ARM.ActiveCfg = Release|iPhoneSimulator
		{CDD4CA5C-5AFD-4B21-BAA6-A48C1A9B8A1D}.Release|ARM.Build.0 = Release|iPhoneSimulator
		{CDD4CA5C-5AFD-4B21-BAA6-A48C1A9B8A1D}.Release|ARM.Deploy.0 = Release|iPhoneSimulator
		{CDD4CA5C-5AFD-4B21-BAA6-A48C1A9B8A1D}.Release|iPhone.ActiveCfg = Release|iPhone
		{CDD4CA5C-5AFD-4B21-BAA6-A48C1A9B8A1D}.Release|iPhone.Build.0 = Release|iPhone
		{CDD4CA5C-5AFD-4B21-BAA6-A48C1A9B8A1D}.Release|iPhone.Deploy.0 = Release|iPhone
		{CDD4CA5C-5AFD-4B21-BAA6-A48C1A9B8A1D}.Release|iPhoneSimulator.ActiveCfg = Release|iPhoneSimulator
		{CDD4CA5C-5AFD-4B21-BAA6-A48C1A9B8A1D}.Release|iPhoneSimulator.Build.0 = Release|iPhoneSimulator
		{CDD4CA5C-5AFD-4B21-BAA6-A48C1A9B8A1D}.Release|iPhoneSimulator.Deploy.0 = Release|iPhoneSimulator
		{CDD4CA5C-5AFD-4B21-BAA6-A48C1A9B8A1D}.Release|x64.ActiveCfg = Release|iPhoneSimulator
		{CDD4CA5C-5AFD-4B21-BAA6-A48C1A9B8A1D}.Release|x64.Build.0 = Release|iPhoneSimulator
		{CDD4CA5C-5AFD-4B21-BAA6-A48C1A9B8A1D}.Release|x64.Deploy.0 = Release|iPhoneSimulator
		{CDD4CA5C-5AFD-4B21-BAA6-A48C1A9B8A1D}.Release|x86.ActiveCfg = Release|iPhoneSimulator
		{CDD4CA5C-5AFD-4B21-BAA6-A48C1A9B8A1D}.Release|x86.Build.0 = Release|iPhoneSimulator
		{CDD4CA5C-5AFD-4B21-BAA6-A48C1A9B8A1D}.Release|x86.Deploy.0 = Release|iPhoneSimulator
		{F418230A-47A1-48BB-AAE0-0F6419A4FC24}.Debug|Any CPU.ActiveCfg = Debug|Any CPU
		{F418230A-47A1-48BB-AAE0-0F6419A4FC24}.Debug|Any CPU.Build.0 = Debug|Any CPU
		{F418230A-47A1-48BB-AAE0-0F6419A4FC24}.Debug|Any CPU.Deploy.0 = Debug|Any CPU
		{F418230A-47A1-48BB-AAE0-0F6419A4FC24}.Debug|ARM.ActiveCfg = Debug|Any CPU
		{F418230A-47A1-48BB-AAE0-0F6419A4FC24}.Debug|ARM.Build.0 = Debug|Any CPU
		{F418230A-47A1-48BB-AAE0-0F6419A4FC24}.Debug|ARM.Deploy.0 = Debug|Any CPU
		{F418230A-47A1-48BB-AAE0-0F6419A4FC24}.Debug|iPhone.ActiveCfg = Debug|Any CPU
		{F418230A-47A1-48BB-AAE0-0F6419A4FC24}.Debug|iPhone.Build.0 = Debug|Any CPU
		{F418230A-47A1-48BB-AAE0-0F6419A4FC24}.Debug|iPhone.Deploy.0 = Debug|Any CPU
		{F418230A-47A1-48BB-AAE0-0F6419A4FC24}.Debug|iPhoneSimulator.ActiveCfg = Debug|Any CPU
		{F418230A-47A1-48BB-AAE0-0F6419A4FC24}.Debug|iPhoneSimulator.Build.0 = Debug|Any CPU
		{F418230A-47A1-48BB-AAE0-0F6419A4FC24}.Debug|iPhoneSimulator.Deploy.0 = Debug|Any CPU
		{F418230A-47A1-48BB-AAE0-0F6419A4FC24}.Debug|x64.ActiveCfg = Debug|Any CPU
		{F418230A-47A1-48BB-AAE0-0F6419A4FC24}.Debug|x64.Build.0 = Debug|Any CPU
		{F418230A-47A1-48BB-AAE0-0F6419A4FC24}.Debug|x64.Deploy.0 = Debug|Any CPU
		{F418230A-47A1-48BB-AAE0-0F6419A4FC24}.Debug|x86.ActiveCfg = Debug|Any CPU
		{F418230A-47A1-48BB-AAE0-0F6419A4FC24}.Debug|x86.Build.0 = Debug|Any CPU
		{F418230A-47A1-48BB-AAE0-0F6419A4FC24}.Debug|x86.Deploy.0 = Debug|Any CPU
		{F418230A-47A1-48BB-AAE0-0F6419A4FC24}.Release|Any CPU.ActiveCfg = Release|Any CPU
		{F418230A-47A1-48BB-AAE0-0F6419A4FC24}.Release|Any CPU.Build.0 = Release|Any CPU
		{F418230A-47A1-48BB-AAE0-0F6419A4FC24}.Release|Any CPU.Deploy.0 = Release|Any CPU
		{F418230A-47A1-48BB-AAE0-0F6419A4FC24}.Release|ARM.ActiveCfg = Release|Any CPU
		{F418230A-47A1-48BB-AAE0-0F6419A4FC24}.Release|ARM.Build.0 = Release|Any CPU
		{F418230A-47A1-48BB-AAE0-0F6419A4FC24}.Release|ARM.Deploy.0 = Release|Any CPU
		{F418230A-47A1-48BB-AAE0-0F6419A4FC24}.Release|iPhone.ActiveCfg = Release|Any CPU
		{F418230A-47A1-48BB-AAE0-0F6419A4FC24}.Release|iPhone.Build.0 = Release|Any CPU
		{F418230A-47A1-48BB-AAE0-0F6419A4FC24}.Release|iPhone.Deploy.0 = Release|Any CPU
		{F418230A-47A1-48BB-AAE0-0F6419A4FC24}.Release|iPhoneSimulator.ActiveCfg = Release|Any CPU
		{F418230A-47A1-48BB-AAE0-0F6419A4FC24}.Release|iPhoneSimulator.Build.0 = Release|Any CPU
		{F418230A-47A1-48BB-AAE0-0F6419A4FC24}.Release|iPhoneSimulator.Deploy.0 = Release|Any CPU
		{F418230A-47A1-48BB-AAE0-0F6419A4FC24}.Release|x64.ActiveCfg = Release|Any CPU
		{F418230A-47A1-48BB-AAE0-0F6419A4FC24}.Release|x64.Build.0 = Release|Any CPU
		{F418230A-47A1-48BB-AAE0-0F6419A4FC24}.Release|x64.Deploy.0 = Release|Any CPU
		{F418230A-47A1-48BB-AAE0-0F6419A4FC24}.Release|x86.ActiveCfg = Release|Any CPU
		{F418230A-47A1-48BB-AAE0-0F6419A4FC24}.Release|x86.Build.0 = Release|Any CPU
		{F418230A-47A1-48BB-AAE0-0F6419A4FC24}.Release|x86.Deploy.0 = Release|Any CPU
		{BC4FAE37-D9CD-461E-A42F-AD1CF264509B}.Debug|Any CPU.ActiveCfg = Debug|Any CPU
		{BC4FAE37-D9CD-461E-A42F-AD1CF264509B}.Debug|Any CPU.Build.0 = Debug|Any CPU
		{BC4FAE37-D9CD-461E-A42F-AD1CF264509B}.Debug|ARM.ActiveCfg = Debug|Any CPU
		{BC4FAE37-D9CD-461E-A42F-AD1CF264509B}.Debug|ARM.Build.0 = Debug|Any CPU
		{BC4FAE37-D9CD-461E-A42F-AD1CF264509B}.Debug|iPhone.ActiveCfg = Debug|Any CPU
		{BC4FAE37-D9CD-461E-A42F-AD1CF264509B}.Debug|iPhone.Build.0 = Debug|Any CPU
		{BC4FAE37-D9CD-461E-A42F-AD1CF264509B}.Debug|iPhoneSimulator.ActiveCfg = Debug|Any CPU
		{BC4FAE37-D9CD-461E-A42F-AD1CF264509B}.Debug|iPhoneSimulator.Build.0 = Debug|Any CPU
		{BC4FAE37-D9CD-461E-A42F-AD1CF264509B}.Debug|x64.ActiveCfg = Debug|Any CPU
		{BC4FAE37-D9CD-461E-A42F-AD1CF264509B}.Debug|x64.Build.0 = Debug|Any CPU
		{BC4FAE37-D9CD-461E-A42F-AD1CF264509B}.Debug|x86.ActiveCfg = Debug|Any CPU
		{BC4FAE37-D9CD-461E-A42F-AD1CF264509B}.Debug|x86.Build.0 = Debug|Any CPU
		{BC4FAE37-D9CD-461E-A42F-AD1CF264509B}.Release|Any CPU.ActiveCfg = Release|Any CPU
		{BC4FAE37-D9CD-461E-A42F-AD1CF264509B}.Release|Any CPU.Build.0 = Release|Any CPU
		{BC4FAE37-D9CD-461E-A42F-AD1CF264509B}.Release|ARM.ActiveCfg = Release|Any CPU
		{BC4FAE37-D9CD-461E-A42F-AD1CF264509B}.Release|ARM.Build.0 = Release|Any CPU
		{BC4FAE37-D9CD-461E-A42F-AD1CF264509B}.Release|iPhone.ActiveCfg = Release|Any CPU
		{BC4FAE37-D9CD-461E-A42F-AD1CF264509B}.Release|iPhone.Build.0 = Release|Any CPU
		{BC4FAE37-D9CD-461E-A42F-AD1CF264509B}.Release|iPhoneSimulator.ActiveCfg = Release|Any CPU
		{BC4FAE37-D9CD-461E-A42F-AD1CF264509B}.Release|iPhoneSimulator.Build.0 = Release|Any CPU
		{BC4FAE37-D9CD-461E-A42F-AD1CF264509B}.Release|x64.ActiveCfg = Release|Any CPU
		{BC4FAE37-D9CD-461E-A42F-AD1CF264509B}.Release|x64.Build.0 = Release|Any CPU
		{BC4FAE37-D9CD-461E-A42F-AD1CF264509B}.Release|x86.ActiveCfg = Release|Any CPU
		{BC4FAE37-D9CD-461E-A42F-AD1CF264509B}.Release|x86.Build.0 = Release|Any CPU
		{A4818671-56AB-449F-9BB0-8931C8F5DAF7}.Debug|Any CPU.ActiveCfg = Debug|Any CPU
		{A4818671-56AB-449F-9BB0-8931C8F5DAF7}.Debug|Any CPU.Build.0 = Debug|Any CPU
		{A4818671-56AB-449F-9BB0-8931C8F5DAF7}.Debug|ARM.ActiveCfg = Debug|Any CPU
		{A4818671-56AB-449F-9BB0-8931C8F5DAF7}.Debug|ARM.Build.0 = Debug|Any CPU
		{A4818671-56AB-449F-9BB0-8931C8F5DAF7}.Debug|iPhone.ActiveCfg = Debug|Any CPU
		{A4818671-56AB-449F-9BB0-8931C8F5DAF7}.Debug|iPhone.Build.0 = Debug|Any CPU
		{A4818671-56AB-449F-9BB0-8931C8F5DAF7}.Debug|iPhoneSimulator.ActiveCfg = Debug|Any CPU
		{A4818671-56AB-449F-9BB0-8931C8F5DAF7}.Debug|iPhoneSimulator.Build.0 = Debug|Any CPU
		{A4818671-56AB-449F-9BB0-8931C8F5DAF7}.Debug|x64.ActiveCfg = Debug|Any CPU
		{A4818671-56AB-449F-9BB0-8931C8F5DAF7}.Debug|x64.Build.0 = Debug|Any CPU
		{A4818671-56AB-449F-9BB0-8931C8F5DAF7}.Debug|x86.ActiveCfg = Debug|Any CPU
		{A4818671-56AB-449F-9BB0-8931C8F5DAF7}.Debug|x86.Build.0 = Debug|Any CPU
		{A4818671-56AB-449F-9BB0-8931C8F5DAF7}.Release|Any CPU.ActiveCfg = Release|Any CPU
		{A4818671-56AB-449F-9BB0-8931C8F5DAF7}.Release|Any CPU.Build.0 = Release|Any CPU
		{A4818671-56AB-449F-9BB0-8931C8F5DAF7}.Release|ARM.ActiveCfg = Release|Any CPU
		{A4818671-56AB-449F-9BB0-8931C8F5DAF7}.Release|ARM.Build.0 = Release|Any CPU
		{A4818671-56AB-449F-9BB0-8931C8F5DAF7}.Release|iPhone.ActiveCfg = Release|Any CPU
		{A4818671-56AB-449F-9BB0-8931C8F5DAF7}.Release|iPhone.Build.0 = Release|Any CPU
		{A4818671-56AB-449F-9BB0-8931C8F5DAF7}.Release|iPhoneSimulator.ActiveCfg = Release|Any CPU
		{A4818671-56AB-449F-9BB0-8931C8F5DAF7}.Release|iPhoneSimulator.Build.0 = Release|Any CPU
		{A4818671-56AB-449F-9BB0-8931C8F5DAF7}.Release|x64.ActiveCfg = Release|Any CPU
		{A4818671-56AB-449F-9BB0-8931C8F5DAF7}.Release|x64.Build.0 = Release|Any CPU
		{A4818671-56AB-449F-9BB0-8931C8F5DAF7}.Release|x86.ActiveCfg = Release|Any CPU
		{A4818671-56AB-449F-9BB0-8931C8F5DAF7}.Release|x86.Build.0 = Release|Any CPU
		{F6331DD7-E1D3-4650-8D9B-36CA729C2B4B}.Debug|Any CPU.ActiveCfg = Debug|Any CPU
		{F6331DD7-E1D3-4650-8D9B-36CA729C2B4B}.Debug|Any CPU.Build.0 = Debug|Any CPU
		{F6331DD7-E1D3-4650-8D9B-36CA729C2B4B}.Debug|ARM.ActiveCfg = Debug|Any CPU
		{F6331DD7-E1D3-4650-8D9B-36CA729C2B4B}.Debug|ARM.Build.0 = Debug|Any CPU
		{F6331DD7-E1D3-4650-8D9B-36CA729C2B4B}.Debug|iPhone.ActiveCfg = Debug|Any CPU
		{F6331DD7-E1D3-4650-8D9B-36CA729C2B4B}.Debug|iPhone.Build.0 = Debug|Any CPU
		{F6331DD7-E1D3-4650-8D9B-36CA729C2B4B}.Debug|iPhoneSimulator.ActiveCfg = Debug|Any CPU
		{F6331DD7-E1D3-4650-8D9B-36CA729C2B4B}.Debug|iPhoneSimulator.Build.0 = Debug|Any CPU
		{F6331DD7-E1D3-4650-8D9B-36CA729C2B4B}.Debug|x64.ActiveCfg = Debug|Any CPU
		{F6331DD7-E1D3-4650-8D9B-36CA729C2B4B}.Debug|x64.Build.0 = Debug|Any CPU
		{F6331DD7-E1D3-4650-8D9B-36CA729C2B4B}.Debug|x86.ActiveCfg = Debug|Any CPU
		{F6331DD7-E1D3-4650-8D9B-36CA729C2B4B}.Debug|x86.Build.0 = Debug|Any CPU
		{F6331DD7-E1D3-4650-8D9B-36CA729C2B4B}.Release|Any CPU.ActiveCfg = Release|Any CPU
		{F6331DD7-E1D3-4650-8D9B-36CA729C2B4B}.Release|Any CPU.Build.0 = Release|Any CPU
		{F6331DD7-E1D3-4650-8D9B-36CA729C2B4B}.Release|ARM.ActiveCfg = Release|Any CPU
		{F6331DD7-E1D3-4650-8D9B-36CA729C2B4B}.Release|ARM.Build.0 = Release|Any CPU
		{F6331DD7-E1D3-4650-8D9B-36CA729C2B4B}.Release|iPhone.ActiveCfg = Release|Any CPU
		{F6331DD7-E1D3-4650-8D9B-36CA729C2B4B}.Release|iPhone.Build.0 = Release|Any CPU
		{F6331DD7-E1D3-4650-8D9B-36CA729C2B4B}.Release|iPhoneSimulator.ActiveCfg = Release|Any CPU
		{F6331DD7-E1D3-4650-8D9B-36CA729C2B4B}.Release|iPhoneSimulator.Build.0 = Release|Any CPU
		{F6331DD7-E1D3-4650-8D9B-36CA729C2B4B}.Release|x64.ActiveCfg = Release|Any CPU
		{F6331DD7-E1D3-4650-8D9B-36CA729C2B4B}.Release|x64.Build.0 = Release|Any CPU
		{F6331DD7-E1D3-4650-8D9B-36CA729C2B4B}.Release|x86.ActiveCfg = Release|Any CPU
		{F6331DD7-E1D3-4650-8D9B-36CA729C2B4B}.Release|x86.Build.0 = Release|Any CPU
		{A15600A1-4072-4C87-8862-F7B981F3A4F3}.Debug|Any CPU.ActiveCfg = Debug|Any CPU
		{A15600A1-4072-4C87-8862-F7B981F3A4F3}.Debug|Any CPU.Build.0 = Debug|Any CPU
		{A15600A1-4072-4C87-8862-F7B981F3A4F3}.Debug|ARM.ActiveCfg = Debug|ARM
		{A15600A1-4072-4C87-8862-F7B981F3A4F3}.Debug|ARM.Build.0 = Debug|ARM
		{A15600A1-4072-4C87-8862-F7B981F3A4F3}.Debug|iPhone.ActiveCfg = Debug|Any CPU
		{A15600A1-4072-4C87-8862-F7B981F3A4F3}.Debug|iPhone.Build.0 = Debug|Any CPU
		{A15600A1-4072-4C87-8862-F7B981F3A4F3}.Debug|iPhoneSimulator.ActiveCfg = Debug|Any CPU
		{A15600A1-4072-4C87-8862-F7B981F3A4F3}.Debug|iPhoneSimulator.Build.0 = Debug|Any CPU
		{A15600A1-4072-4C87-8862-F7B981F3A4F3}.Debug|x64.ActiveCfg = Debug|x64
		{A15600A1-4072-4C87-8862-F7B981F3A4F3}.Debug|x64.Build.0 = Debug|x64
		{A15600A1-4072-4C87-8862-F7B981F3A4F3}.Debug|x86.ActiveCfg = Debug|x86
		{A15600A1-4072-4C87-8862-F7B981F3A4F3}.Debug|x86.Build.0 = Debug|x86
		{A15600A1-4072-4C87-8862-F7B981F3A4F3}.Release|Any CPU.ActiveCfg = Release|Any CPU
		{A15600A1-4072-4C87-8862-F7B981F3A4F3}.Release|Any CPU.Build.0 = Release|Any CPU
		{A15600A1-4072-4C87-8862-F7B981F3A4F3}.Release|ARM.ActiveCfg = Release|ARM
		{A15600A1-4072-4C87-8862-F7B981F3A4F3}.Release|ARM.Build.0 = Release|ARM
		{A15600A1-4072-4C87-8862-F7B981F3A4F3}.Release|iPhone.ActiveCfg = Release|Any CPU
		{A15600A1-4072-4C87-8862-F7B981F3A4F3}.Release|iPhone.Build.0 = Release|Any CPU
		{A15600A1-4072-4C87-8862-F7B981F3A4F3}.Release|iPhoneSimulator.ActiveCfg = Release|Any CPU
		{A15600A1-4072-4C87-8862-F7B981F3A4F3}.Release|iPhoneSimulator.Build.0 = Release|Any CPU
		{A15600A1-4072-4C87-8862-F7B981F3A4F3}.Release|x64.ActiveCfg = Release|x64
		{A15600A1-4072-4C87-8862-F7B981F3A4F3}.Release|x64.Build.0 = Release|x64
		{A15600A1-4072-4C87-8862-F7B981F3A4F3}.Release|x86.ActiveCfg = Release|x86
		{A15600A1-4072-4C87-8862-F7B981F3A4F3}.Release|x86.Build.0 = Release|x86
	EndGlobalSection
	GlobalSection(SolutionProperties) = preSolution
		HideSolutionNode = FALSE
	EndGlobalSection
	GlobalSection(ExtensibilityGlobals) = postSolution
		SolutionGuid = {018204E2-AF41-42D9-A4FF-64BBB879EC61}
	EndGlobalSection
EndGlobal
